{
  "name": "richard-blogs",
  "version": "1.0.0",
  "lockfileVersion": 3,
  "requires": true,
  "packages": {
    "": {
      "name": "richard-blogs",
      "version": "1.0.0",
      "license": "ISC",
      "devDependencies": {
        "turbo": "^2.4.1"
      }
    },
    "node_modules/turbo": {
      "version": "2.4.1",
      "resolved": "https://registry.npmjs.org/turbo/-/turbo-2.4.1.tgz",
      "integrity": "sha512-XIIHXAhvD3sv34WLaN/969WTHCHYmm3zf0XQ+CrEP1A7ffIQG50cwNcp7Gh96CaGyjEXMh9odoHyggoZQ3Prvw==",
      "dev": true,
      "bin": {
        "turbo": "bin/turbo"
      },
      "optionalDependencies": {
        "turbo-darwin-64": "2.4.1",
        "turbo-darwin-arm64": "2.4.1",
        "turbo-linux-64": "2.4.1",
        "turbo-linux-arm64": "2.4.1",
        "turbo-windows-64": "2.4.1",
        "turbo-windows-arm64": "2.4.1"
      }
    },
    "node_modules/turbo-darwin-64": {
      "version": "2.4.1",
      "resolved": "https://registry.npmjs.org/turbo-darwin-64/-/turbo-darwin-64-2.4.1.tgz",
      "integrity": "sha512-oos3Gz5N6ol2/7+ys0wPENhl7ZzeVKIumn2BR7X2oE5dEPxNPDMOpKBwreU9ToCxM94e+uFTzKgjcUJpBqpTHA==",
      "cpu": [
        "x64"
      ],
      "dev": true,
      "optional": true,
      "os": [
        "darwin"
      ]
    },
    "node_modules/turbo-darwin-arm64": {
      "version": "2.4.1",
      "resolved": "https://registry.npmjs.org/turbo-darwin-arm64/-/turbo-darwin-arm64-2.4.1.tgz",
      "integrity": "sha512-NoIQsSSvCJDTShgX+v+doSP/g0kAhHhq5p2fpsEAlougs2wcQvwv/LndeqojzkHbxB39lOQmqBYHJcki46Q3oQ==",
      "cpu": [
        "arm64"
      ],
      "dev": true,
      "optional": true,
      "os": [
        "darwin"
      ]
    },
    "node_modules/turbo-linux-64": {
      "version": "2.4.1",
      "resolved": "https://registry.npmjs.org/turbo-linux-64/-/turbo-linux-64-2.4.1.tgz",
      "integrity": "sha512-iXIeG8YhluaJF/5KQEudRf8ECBWND8X0yxXDrFIq2wmLLCg4A7gSSzVcBq30rYYeyyU4xMj/sm3HbsAaao3jjg==",
      "cpu": [
        "x64"
      ],
      "dev": true,
      "optional": true,
      "os": [
        "linux"
      ]
    },
    "node_modules/turbo-linux-arm64": {
      "version": "2.4.1",
      "resolved": "https://registry.npmjs.org/turbo-linux-arm64/-/turbo-linux-arm64-2.4.1.tgz",
      "integrity": "sha512-jd5apBV7lBGn3CnkQN/hEMbwazNgZcrwLt6DIkWy/TSi5xfSQEqcR3k9HxviQ7hKMcr1Q1hN6FHWm8Vw90Ej4A==",
      "cpu": [
        "arm64"
      ],
      "dev": true,
      "optional": true,
      "os": [
        "linux"
      ]
    },
    "node_modules/turbo-windows-64": {
      "version": "2.4.1",
      "resolved": "https://registry.npmjs.org/turbo-windows-64/-/turbo-windows-64-2.4.1.tgz",
      "integrity": "sha512-4RYRAijohyQ7uetZY4SSikSgGccq+7tmnljdm/XezpK9t0+3gldKA2vHF0++yLZeZr+CFgqmBeGSFi7B+vhc2g==",
      "cpu": [
        "x64"
      ],
      "dev": true,
      "optional": true,
      "os": [
        "win32"
      ]
    },
    "node_modules/turbo-windows-arm64": {
      "version": "2.4.1",
      "resolved": "https://registry.npmjs.org/turbo-windows-arm64/-/turbo-windows-arm64-2.4.1.tgz",
      "integrity": "sha512-4lZB0+AxWB01Adx5xHZhO746FgaHR0T3qzEDF2nf/nx8LAUtN3iwaZQgAsTsblaAKjiM7lxWDI0s/Q3fektsPg==",
      "cpu": [
        "arm64"
      ],
      "dev": true,
      "optional": true,
      "os": [
        "win32"
      ]
    }
  }
}
